
Microsoft Visual Studio Solution File, Format Version 12.00
# Visual Studio 14
VisualStudioVersion = 14.0.25123.0
MinimumVisualStudioVersion = 10.0.40219.1
Project("{FAE04EC0-301F-11D3-BF4B-00C04F79EFBC}") = "UDPserver", "UDPserver\UDPserver.csproj", "{93FAD141-92D1-4837-98FF-B8170F3DD71A}"
EndProject
Global
	GlobalSection(SolutionConfigurationPlatforms) = preSolution
		Debug|Any CPU = Debug|Any CPU
		Release|Any CPU = Release|Any CPU
	EndGlobalSection
	GlobalSection(ProjectConfigurationPlatforms) = postSolution
		{93FAD141-92D1-4837-98FF-B8170F3DD71A}.Debug|Any CPU.ActiveCfg = Debug|Any CPU
		{93FAD141-92D1-4837-98FF-B8170F3DD71A}.Debug|Any CPU.Build.0 = Debug|Any CPU
		{93FAD141-92D1-4837-98FF-B8170F3DD71A}.Release|Any CPU.ActiveCfg = Release|Any CPU
		{93FAD141-92D1-4837-98FF-B8170F3DD71A}.Release|Any CPU.Build.0 = Release|Any CPU
	EndGlobalSection
	GlobalSection(SolutionProperties) = preSolution
		HideSolutionNode = FALSE
	EndGlobalSection
EndGlobal
